
Microsoft Visual Studio Solution File, Format Version 12.00
# Visual Studio 15
VisualStudioVersion = 15.0.27004.2008
MinimumVisualStudioVersion = 10.0.40219.1
Project("{9A19103F-16F7-4668-BE54-9A1E7A4F7556}") = "Analytics", "Analytics/Analytics.csproj", "{A386CF02-D902-4B22-90A8-E828093E3AA4}"
EndProject
Project("{9A19103F-16F7-4668-BE54-9A1E7A4F7556}") = "Test", "Test/Test.csproj", "{6AE99FF7-EECF-4639-B6B1-3E7CF1CC3048}"
EndProject
Project("{2150E333-8FDC-42A3-9474-1A3956D46DE8}") = "Solution Items", "Solution Items", "{C316F1BB-6C70-4DEB-BC04-5664C39313F3}"
	ProjectSection(SolutionItems) = preProject
		.editorconfig = .editorconfig
		.gitignore = .gitignore
	EndProjectSection
EndProject
Project("{FAE04EC0-301F-11D3-BF4B-00C04F79EFBC}") = "Test.Net35", "Test.Net35/Test.Net35.csproj", "{14046A5D-168B-4320-B031-C72BEE19F206}"
EndProject
Project("{9A19103F-16F7-4668-BE54-9A1E7A4F7556}") = "Analytics.Net35", "Analytics.Net35/Analytics.Net35.csproj", "{6A4B32F2-0A3D-4031-A2DF-EED9BD99501D}"
EndProject
Project("{9A19103F-16F7-4668-BE54-9A1E7A4F7556}") = "Analytics.NetStandard20", "Analytics.NetStandard20/Analytics.NetStandard20.csproj", "{57CCBFA9-8CE3-4260-8E83-951E281372FC}"
EndProject
Project("{9A19103F-16F7-4668-BE54-9A1E7A4F7556}") = "Test.NetStandard20", "Test.NetStandard20/Test.NetStandard20.csproj", "{9D2DF2FC-3977-418C-8E0B-B98A48F596B7}"
EndProject
Project("{9A19103F-16F7-4668-BE54-9A1E7A4F7556}") = "Analytics.Net45", "Analytics.Net45/Analytics.Net45.csproj", "{3EBD38D6-E04D-4E23-88C1-2BC32689EE8B}"
EndProject
Project("{FAE04EC0-301F-11D3-BF4B-00C04F79EFBC}") = "Test.Net45", "Test.Net45/Test.Net45.csproj", "{A7B43E75-BA62-4543-A467-27C6D9B28EB8}"
EndProject
Project("{FAE04EC0-301F-11D3-BF4B-00C04F79EFBC}") = "Analytics.Portable", "Analytics.Portable/Analytics.Portable.csproj", "{D693713D-25B3-4632-9FD8-8F597B74EC53}"
EndProject
Project("{FAE04EC0-301F-11D3-BF4B-00C04F79EFBC}") = "Test.UniversalApp", "Test.UniversalApp/Test.UniversalApp.csproj", "{E54D766D-3E91-47C5-901B-FFCCCACD60CC}"
EndProject
Project("{9A19103F-16F7-4668-BE54-9A1E7A4F7556}") = "Test.E2E", "Test.E2E/Test.E2E.csproj", "{E6D4DE50-ED07-4F7C-ABD8-F0600BD17D24}"
EndProject
Project("{FAE04EC0-301F-11D3-BF4B-00C04F79EFBC}") = "UnitTest.Net35", "UnitTest.Net35/UnitTest.Net35.csproj", "{DA5A6C76-42AD-4841-801A-73FB23B380BF}"
EndProject
Global
	GlobalSection(SolutionConfigurationPlatforms) = preSolution
		Debug|Any CPU = Debug|Any CPU
		Debug|ARM = Debug|ARM
		Debug|x64 = Debug|x64
		Debug|x86 = Debug|x86
		Release|Any CPU = Release|Any CPU
		Release|ARM = Release|ARM
		Release|x64 = Release|x64
		Release|x86 = Release|x86
	EndGlobalSection
	GlobalSection(ProjectConfigurationPlatforms) = postSolution
		{A386CF02-D902-4B22-90A8-E828093E3AA4}.Debug|Any CPU.ActiveCfg = Debug|Any CPU
		{A386CF02-D902-4B22-90A8-E828093E3AA4}.Debug|Any CPU.Build.0 = Debug|Any CPU
		{A386CF02-D902-4B22-90A8-E828093E3AA4}.Debug|ARM.ActiveCfg = Debug|Any CPU
		{A386CF02-D902-4B22-90A8-E828093E3AA4}.Debug|ARM.Build.0 = Debug|Any CPU
		{A386CF02-D902-4B22-90A8-E828093E3AA4}.Debug|x64.ActiveCfg = Debug|Any CPU
		{A386CF02-D902-4B22-90A8-E828093E3AA4}.Debug|x64.Build.0 = Debug|Any CPU
		{A386CF02-D902-4B22-90A8-E828093E3AA4}.Debug|x86.ActiveCfg = Debug|Any CPU
		{A386CF02-D902-4B22-90A8-E828093E3AA4}.Debug|x86.Build.0 = Debug|Any CPU
		{A386CF02-D902-4B22-90A8-E828093E3AA4}.Release|Any CPU.ActiveCfg = Release|Any CPU
		{A386CF02-D902-4B22-90A8-E828093E3AA4}.Release|Any CPU.Build.0 = Release|Any CPU
		{A386CF02-D902-4B22-90A8-E828093E3AA4}.Release|ARM.ActiveCfg = Release|Any CPU
		{A386CF02-D902-4B22-90A8-E828093E3AA4}.Release|ARM.Build.0 = Release|Any CPU
		{A386CF02-D902-4B22-90A8-E828093E3AA4}.Release|x64.ActiveCfg = Release|Any CPU
		{A386CF02-D902-4B22-90A8-E828093E3AA4}.Release|x64.Build.0 = Release|Any CPU
		{A386CF02-D902-4B22-90A8-E828093E3AA4}.Release|x86.ActiveCfg = Release|Any CPU
		{A386CF02-D902-4B22-90A8-E828093E3AA4}.Release|x86.Build.0 = Release|Any CPU
		{6AE99FF7-EECF-4639-B6B1-3E7CF1CC3048}.Debug|Any CPU.ActiveCfg = Debug|Any CPU
		{6AE99FF7-EECF-4639-B6B1-3E7CF1CC3048}.Debug|Any CPU.Build.0 = Debug|Any CPU
		{6AE99FF7-EECF-4639-B6B1-3E7CF1CC3048}.Debug|ARM.ActiveCfg = Debug|Any CPU
		{6AE99FF7-EECF-4639-B6B1-3E7CF1CC3048}.Debug|ARM.Build.0 = Debug|Any CPU
		{6AE99FF7-EECF-4639-B6B1-3E7CF1CC3048}.Debug|x64.ActiveCfg = Debug|Any CPU
		{6AE99FF7-EECF-4639-B6B1-3E7CF1CC3048}.Debug|x64.Build.0 = Debug|Any CPU
		{6AE99FF7-EECF-4639-B6B1-3E7CF1CC3048}.Debug|x86.ActiveCfg = Debug|Any CPU
		{6AE99FF7-EECF-4639-B6B1-3E7CF1CC3048}.Debug|x86.Build.0 = Debug|Any CPU
		{6AE99FF7-EECF-4639-B6B1-3E7CF1CC3048}.Release|Any CPU.ActiveCfg = Release|Any CPU
		{6AE99FF7-EECF-4639-B6B1-3E7CF1CC3048}.Release|Any CPU.Build.0 = Release|Any CPU
		{6AE99FF7-EECF-4639-B6B1-3E7CF1CC3048}.Release|ARM.ActiveCfg = Release|Any CPU
		{6AE99FF7-EECF-4639-B6B1-3E7CF1CC3048}.Release|ARM.Build.0 = Release|Any CPU
		{6AE99FF7-EECF-4639-B6B1-3E7CF1CC3048}.Release|x64.ActiveCfg = Release|Any CPU
		{6AE99FF7-EECF-4639-B6B1-3E7CF1CC3048}.Release|x64.Build.0 = Release|Any CPU
		{6AE99FF7-EECF-4639-B6B1-3E7CF1CC3048}.Release|x86.ActiveCfg = Release|Any CPU
		{6AE99FF7-EECF-4639-B6B1-3E7CF1CC3048}.Release|x86.Build.0 = Release|Any CPU
		{14046A5D-168B-4320-B031-C72BEE19F206}.Debug|Any CPU.ActiveCfg = Debug|Any CPU
		{14046A5D-168B-4320-B031-C72BEE19F206}.Debug|Any CPU.Build.0 = Debug|Any CPU
		{14046A5D-168B-4320-B031-C72BEE19F206}.Debug|ARM.ActiveCfg = Debug|Any CPU
		{14046A5D-168B-4320-B031-C72BEE19F206}.Debug|ARM.Build.0 = Debug|Any CPU
		{14046A5D-168B-4320-B031-C72BEE19F206}.Debug|x64.ActiveCfg = Debug|Any CPU
		{14046A5D-168B-4320-B031-C72BEE19F206}.Debug|x64.Build.0 = Debug|Any CPU
		{14046A5D-168B-4320-B031-C72BEE19F206}.Debug|x86.ActiveCfg = Debug|Any CPU
		{14046A5D-168B-4320-B031-C72BEE19F206}.Debug|x86.Build.0 = Debug|Any CPU
		{14046A5D-168B-4320-B031-C72BEE19F206}.Release|Any CPU.ActiveCfg = Release|Any CPU
		{14046A5D-168B-4320-B031-C72BEE19F206}.Release|Any CPU.Build.0 = Release|Any CPU
		{14046A5D-168B-4320-B031-C72BEE19F206}.Release|ARM.ActiveCfg = Release|Any CPU
		{14046A5D-168B-4320-B031-C72BEE19F206}.Release|ARM.Build.0 = Release|Any CPU
		{14046A5D-168B-4320-B031-C72BEE19F206}.Release|x64.ActiveCfg = Release|Any CPU
		{14046A5D-168B-4320-B031-C72BEE19F206}.Release|x64.Build.0 = Release|Any CPU
		{14046A5D-168B-4320-B031-C72BEE19F206}.Release|x86.ActiveCfg = Release|Any CPU
		{14046A5D-168B-4320-B031-C72BEE19F206}.Release|x86.Build.0 = Release|Any CPU
		{6A4B32F2-0A3D-4031-A2DF-EED9BD99501D}.Debug|Any CPU.ActiveCfg = Debug|Any CPU
		{6A4B32F2-0A3D-4031-A2DF-EED9BD99501D}.Debug|Any CPU.Build.0 = Debug|Any CPU
		{6A4B32F2-0A3D-4031-A2DF-EED9BD99501D}.Debug|ARM.ActiveCfg = Debug|Any CPU
		{6A4B32F2-0A3D-4031-A2DF-EED9BD99501D}.Debug|ARM.Build.0 = Debug|Any CPU
		{6A4B32F2-0A3D-4031-A2DF-EED9BD99501D}.Debug|x64.ActiveCfg = Debug|Any CPU
		{6A4B32F2-0A3D-4031-A2DF-EED9BD99501D}.Debug|x64.Build.0 = Debug|Any CPU
		{6A4B32F2-0A3D-4031-A2DF-EED9BD99501D}.Debug|x86.ActiveCfg = Debug|Any CPU
		{6A4B32F2-0A3D-4031-A2DF-EED9BD99501D}.Debug|x86.Build.0 = Debug|Any CPU
		{6A4B32F2-0A3D-4031-A2DF-EED9BD99501D}.Release|Any CPU.ActiveCfg = Release|Any CPU
		{6A4B32F2-0A3D-4031-A2DF-EED9BD99501D}.Release|Any CPU.Build.0 = Release|Any CPU
		{6A4B32F2-0A3D-4031-A2DF-EED9BD99501D}.Release|ARM.ActiveCfg = Release|Any CPU
		{6A4B32F2-0A3D-4031-A2DF-EED9BD99501D}.Release|ARM.Build.0 = Release|Any CPU
		{6A4B32F2-0A3D-4031-A2DF-EED9BD99501D}.Release|x64.ActiveCfg = Release|Any CPU
		{6A4B32F2-0A3D-4031-A2DF-EED9BD99501D}.Release|x64.Build.0 = Release|Any CPU
		{6A4B32F2-0A3D-4031-A2DF-EED9BD99501D}.Release|x86.ActiveCfg = Release|Any CPU
		{6A4B32F2-0A3D-4031-A2DF-EED9BD99501D}.Release|x86.Build.0 = Release|Any CPU
		{57CCBFA9-8CE3-4260-8E83-951E281372FC}.Debug|Any CPU.ActiveCfg = Debug|Any CPU
		{57CCBFA9-8CE3-4260-8E83-951E281372FC}.Debug|Any CPU.Build.0 = Debug|Any CPU
		{57CCBFA9-8CE3-4260-8E83-951E281372FC}.Debug|ARM.ActiveCfg = Debug|Any CPU
		{57CCBFA9-8CE3-4260-8E83-951E281372FC}.Debug|ARM.Build.0 = Debug|Any CPU
		{57CCBFA9-8CE3-4260-8E83-951E281372FC}.Debug|x64.ActiveCfg = Debug|Any CPU
		{57CCBFA9-8CE3-4260-8E83-951E281372FC}.Debug|x64.Build.0 = Debug|Any CPU
		{57CCBFA9-8CE3-4260-8E83-951E281372FC}.Debug|x86.ActiveCfg = Debug|Any CPU
		{57CCBFA9-8CE3-4260-8E83-951E281372FC}.Debug|x86.Build.0 = Debug|Any CPU
		{57CCBFA9-8CE3-4260-8E83-951E281372FC}.Release|Any CPU.ActiveCfg = Release|Any CPU
		{57CCBFA9-8CE3-4260-8E83-951E281372FC}.Release|Any CPU.Build.0 = Release|Any CPU
		{57CCBFA9-8CE3-4260-8E83-951E281372FC}.Release|ARM.ActiveCfg = Release|Any CPU
		{57CCBFA9-8CE3-4260-8E83-951E281372FC}.Release|ARM.Build.0 = Release|Any CPU
		{57CCBFA9-8CE3-4260-8E83-951E281372FC}.Release|x64.ActiveCfg = Release|Any CPU
		{57CCBFA9-8CE3-4260-8E83-951E281372FC}.Release|x64.Build.0 = Release|Any CPU
		{57CCBFA9-8CE3-4260-8E83-951E281372FC}.Release|x86.ActiveCfg = Release|Any CPU
		{57CCBFA9-8CE3-4260-8E83-951E281372FC}.Release|x86.Build.0 = Release|Any CPU
		{9D2DF2FC-3977-418C-8E0B-B98A48F596B7}.Debug|Any CPU.ActiveCfg = Debug|Any CPU
		{9D2DF2FC-3977-418C-8E0B-B98A48F596B7}.Debug|Any CPU.Build.0 = Debug|Any CPU
		{9D2DF2FC-3977-418C-8E0B-B98A48F596B7}.Debug|ARM.ActiveCfg = Debug|Any CPU
		{9D2DF2FC-3977-418C-8E0B-B98A48F596B7}.Debug|ARM.Build.0 = Debug|Any CPU
		{9D2DF2FC-3977-418C-8E0B-B98A48F596B7}.Debug|x64.ActiveCfg = Debug|Any CPU
		{9D2DF2FC-3977-418C-8E0B-B98A48F596B7}.Debug|x64.Build.0 = Debug|Any CPU
		{9D2DF2FC-3977-418C-8E0B-B98A48F596B7}.Debug|x86.ActiveCfg = Debug|Any CPU
		{9D2DF2FC-3977-418C-8E0B-B98A48F596B7}.Debug|x86.Build.0 = Debug|Any CPU
		{9D2DF2FC-3977-418C-8E0B-B98A48F596B7}.Release|Any CPU.ActiveCfg = Release|Any CPU
		{9D2DF2FC-3977-418C-8E0B-B98A48F596B7}.Release|Any CPU.Build.0 = Release|Any CPU
		{9D2DF2FC-3977-418C-8E0B-B98A48F596B7}.Release|ARM.ActiveCfg = Release|Any CPU
		{9D2DF2FC-3977-418C-8E0B-B98A48F596B7}.Release|ARM.Build.0 = Release|Any CPU
		{9D2DF2FC-3977-418C-8E0B-B98A48F596B7}.Release|x64.ActiveCfg = Release|Any CPU
		{9D2DF2FC-3977-418C-8E0B-B98A48F596B7}.Release|x64.Build.0 = Release|Any CPU
		{9D2DF2FC-3977-418C-8E0B-B98A48F596B7}.Release|x86.ActiveCfg = Release|Any CPU
		{9D2DF2FC-3977-418C-8E0B-B98A48F596B7}.Release|x86.Build.0 = Release|Any CPU
		{3EBD38D6-E04D-4E23-88C1-2BC32689EE8B}.Debug|Any CPU.ActiveCfg = Debug|Any CPU
		{3EBD38D6-E04D-4E23-88C1-2BC32689EE8B}.Debug|Any CPU.Build.0 = Debug|Any CPU
		{3EBD38D6-E04D-4E23-88C1-2BC32689EE8B}.Debug|ARM.ActiveCfg = Debug|Any CPU
		{3EBD38D6-E04D-4E23-88C1-2BC32689EE8B}.Debug|ARM.Build.0 = Debug|Any CPU
		{3EBD38D6-E04D-4E23-88C1-2BC32689EE8B}.Debug|x64.ActiveCfg = Debug|Any CPU
		{3EBD38D6-E04D-4E23-88C1-2BC32689EE8B}.Debug|x64.Build.0 = Debug|Any CPU
		{3EBD38D6-E04D-4E23-88C1-2BC32689EE8B}.Debug|x86.ActiveCfg = Debug|Any CPU
		{3EBD38D6-E04D-4E23-88C1-2BC32689EE8B}.Debug|x86.Build.0 = Debug|Any CPU
		{3EBD38D6-E04D-4E23-88C1-2BC32689EE8B}.Release|Any CPU.ActiveCfg = Release|Any CPU
		{3EBD38D6-E04D-4E23-88C1-2BC32689EE8B}.Release|Any CPU.Build.0 = Release|Any CPU
		{3EBD38D6-E04D-4E23-88C1-2BC32689EE8B}.Release|ARM.ActiveCfg = Release|Any CPU
		{3EBD38D6-E04D-4E23-88C1-2BC32689EE8B}.Release|ARM.Build.0 = Release|Any CPU
		{3EBD38D6-E04D-4E23-88C1-2BC32689EE8B}.Release|x64.ActiveCfg = Release|Any CPU
		{3EBD38D6-E04D-4E23-88C1-2BC32689EE8B}.Release|x64.Build.0 = Release|Any CPU
		{3EBD38D6-E04D-4E23-88C1-2BC32689EE8B}.Release|x86.ActiveCfg = Release|Any CPU
		{3EBD38D6-E04D-4E23-88C1-2BC32689EE8B}.Release|x86.Build.0 = Release|Any CPU
		{A7B43E75-BA62-4543-A467-27C6D9B28EB8}.Debug|Any CPU.ActiveCfg = Debug|Any CPU
		{A7B43E75-BA62-4543-A467-27C6D9B28EB8}.Debug|Any CPU.Build.0 = Debug|Any CPU
		{A7B43E75-BA62-4543-A467-27C6D9B28EB8}.Debug|ARM.ActiveCfg = Debug|Any CPU
		{A7B43E75-BA62-4543-A467-27C6D9B28EB8}.Debug|ARM.Build.0 = Debug|Any CPU
		{A7B43E75-BA62-4543-A467-27C6D9B28EB8}.Debug|x64.ActiveCfg = Debug|Any CPU
		{A7B43E75-BA62-4543-A467-27C6D9B28EB8}.Debug|x64.Build.0 = Debug|Any CPU
		{A7B43E75-BA62-4543-A467-27C6D9B28EB8}.Debug|x86.ActiveCfg = Debug|Any CPU
		{A7B43E75-BA62-4543-A467-27C6D9B28EB8}.Debug|x86.Build.0 = Debug|Any CPU
		{A7B43E75-BA62-4543-A467-27C6D9B28EB8}.Release|Any CPU.ActiveCfg = Release|Any CPU
		{A7B43E75-BA62-4543-A467-27C6D9B28EB8}.Release|Any CPU.Build.0 = Release|Any CPU
		{A7B43E75-BA62-4543-A467-27C6D9B28EB8}.Release|ARM.ActiveCfg = Release|Any CPU
		{A7B43E75-BA62-4543-A467-27C6D9B28EB8}.Release|ARM.Build.0 = Release|Any CPU
		{A7B43E75-BA62-4543-A467-27C6D9B28EB8}.Release|x64.ActiveCfg = Release|Any CPU
		{A7B43E75-BA62-4543-A467-27C6D9B28EB8}.Release|x64.Build.0 = Release|Any CPU
		{A7B43E75-BA62-4543-A467-27C6D9B28EB8}.Release|x86.ActiveCfg = Release|Any CPU
		{A7B43E75-BA62-4543-A467-27C6D9B28EB8}.Release|x86.Build.0 = Release|Any CPU
		{D693713D-25B3-4632-9FD8-8F597B74EC53}.Debug|Any CPU.ActiveCfg = Debug|Any CPU
		{D693713D-25B3-4632-9FD8-8F597B74EC53}.Debug|Any CPU.Build.0 = Debug|Any CPU
		{D693713D-25B3-4632-9FD8-8F597B74EC53}.Debug|ARM.ActiveCfg = Debug|Any CPU
		{D693713D-25B3-4632-9FD8-8F597B74EC53}.Debug|ARM.Build.0 = Debug|Any CPU
		{D693713D-25B3-4632-9FD8-8F597B74EC53}.Debug|x64.ActiveCfg = Debug|Any CPU
		{D693713D-25B3-4632-9FD8-8F597B74EC53}.Debug|x64.Build.0 = Debug|Any CPU
		{D693713D-25B3-4632-9FD8-8F597B74EC53}.Debug|x86.ActiveCfg = Debug|Any CPU
		{D693713D-25B3-4632-9FD8-8F597B74EC53}.Debug|x86.Build.0 = Debug|Any CPU
		{D693713D-25B3-4632-9FD8-8F597B74EC53}.Release|Any CPU.ActiveCfg = Release|Any CPU
		{D693713D-25B3-4632-9FD8-8F597B74EC53}.Release|Any CPU.Build.0 = Release|Any CPU
		{D693713D-25B3-4632-9FD8-8F597B74EC53}.Release|ARM.ActiveCfg = Release|Any CPU
		{D693713D-25B3-4632-9FD8-8F597B74EC53}.Release|ARM.Build.0 = Release|Any CPU
		{D693713D-25B3-4632-9FD8-8F597B74EC53}.Release|x64.ActiveCfg = Release|Any CPU
		{D693713D-25B3-4632-9FD8-8F597B74EC53}.Release|x64.Build.0 = Release|Any CPU
		{D693713D-25B3-4632-9FD8-8F597B74EC53}.Release|x86.ActiveCfg = Release|Any CPU
		{D693713D-25B3-4632-9FD8-8F597B74EC53}.Release|x86.Build.0 = Release|Any CPU
		{E54D766D-3E91-47C5-901B-FFCCCACD60CC}.Debug|Any CPU.ActiveCfg = Debug|x86
		{E54D766D-3E91-47C5-901B-FFCCCACD60CC}.Debug|ARM.ActiveCfg = Debug|ARM
		{E54D766D-3E91-47C5-901B-FFCCCACD60CC}.Debug|ARM.Build.0 = Debug|ARM
		{E54D766D-3E91-47C5-901B-FFCCCACD60CC}.Debug|ARM.Deploy.0 = Debug|ARM
		{E54D766D-3E91-47C5-901B-FFCCCACD60CC}.Debug|x64.ActiveCfg = Debug|x64
		{E54D766D-3E91-47C5-901B-FFCCCACD60CC}.Debug|x64.Build.0 = Debug|x64
		{E54D766D-3E91-47C5-901B-FFCCCACD60CC}.Debug|x64.Deploy.0 = Debug|x64
		{E54D766D-3E91-47C5-901B-FFCCCACD60CC}.Debug|x86.ActiveCfg = Debug|x86
		{E54D766D-3E91-47C5-901B-FFCCCACD60CC}.Debug|x86.Build.0 = Debug|x86
		{E54D766D-3E91-47C5-901B-FFCCCACD60CC}.Debug|x86.Deploy.0 = Debug|x86
		{E54D766D-3E91-47C5-901B-FFCCCACD60CC}.Release|Any CPU.ActiveCfg = Release|x86
		{E54D766D-3E91-47C5-901B-FFCCCACD60CC}.Release|ARM.ActiveCfg = Release|ARM
		{E54D766D-3E91-47C5-901B-FFCCCACD60CC}.Release|ARM.Build.0 = Release|ARM
		{E54D766D-3E91-47C5-901B-FFCCCACD60CC}.Release|ARM.Deploy.0 = Release|ARM
		{E54D766D-3E91-47C5-901B-FFCCCACD60CC}.Release|x64.ActiveCfg = Release|x64
		{E54D766D-3E91-47C5-901B-FFCCCACD60CC}.Release|x64.Build.0 = Release|x64
		{E54D766D-3E91-47C5-901B-FFCCCACD60CC}.Release|x64.Deploy.0 = Release|x64
		{E54D766D-3E91-47C5-901B-FFCCCACD60CC}.Release|x86.ActiveCfg = Release|x86
		{E54D766D-3E91-47C5-901B-FFCCCACD60CC}.Release|x86.Build.0 = Release|x86
		{E54D766D-3E91-47C5-901B-FFCCCACD60CC}.Release|x86.Deploy.0 = Release|x86
		{E6D4DE50-ED07-4F7C-ABD8-F0600BD17D24}.Debug|Any CPU.ActiveCfg = Debug|Any CPU
		{E6D4DE50-ED07-4F7C-ABD8-F0600BD17D24}.Debug|Any CPU.Build.0 = Debug|Any CPU
		{E6D4DE50-ED07-4F7C-ABD8-F0600BD17D24}.Debug|ARM.ActiveCfg = Debug|Any CPU
		{E6D4DE50-ED07-4F7C-ABD8-F0600BD17D24}.Debug|ARM.Build.0 = Debug|Any CPU
		{E6D4DE50-ED07-4F7C-ABD8-F0600BD17D24}.Debug|x64.ActiveCfg = Debug|Any CPU
		{E6D4DE50-ED07-4F7C-ABD8-F0600BD17D24}.Debug|x64.Build.0 = Debug|Any CPU
		{E6D4DE50-ED07-4F7C-ABD8-F0600BD17D24}.Debug|x86.ActiveCfg = Debug|Any CPU
		{E6D4DE50-ED07-4F7C-ABD8-F0600BD17D24}.Debug|x86.Build.0 = Debug|Any CPU
		{E6D4DE50-ED07-4F7C-ABD8-F0600BD17D24}.Release|Any CPU.ActiveCfg = Release|Any CPU
		{E6D4DE50-ED07-4F7C-ABD8-F0600BD17D24}.Release|Any CPU.Build.0 = Release|Any CPU
		{E6D4DE50-ED07-4F7C-ABD8-F0600BD17D24}.Release|ARM.ActiveCfg = Release|Any CPU
		{E6D4DE50-ED07-4F7C-ABD8-F0600BD17D24}.Release|ARM.Build.0 = Release|Any CPU
		{E6D4DE50-ED07-4F7C-ABD8-F0600BD17D24}.Release|x64.ActiveCfg = Release|Any CPU
		{E6D4DE50-ED07-4F7C-ABD8-F0600BD17D24}.Release|x64.Build.0 = Release|Any CPU
		{E6D4DE50-ED07-4F7C-ABD8-F0600BD17D24}.Release|x86.ActiveCfg = Release|Any CPU
		{E6D4DE50-ED07-4F7C-ABD8-F0600BD17D24}.Release|x86.Build.0 = Release|Any CPU
		{DA5A6C76-42AD-4841-801A-73FB23B380BF}.Debug|Any CPU.ActiveCfg = Debug|Any CPU
		{DA5A6C76-42AD-4841-801A-73FB23B380BF}.Debug|Any CPU.Build.0 = Debug|Any CPU
		{DA5A6C76-42AD-4841-801A-73FB23B380BF}.Debug|ARM.ActiveCfg = Debug|Any CPU
		{DA5A6C76-42AD-4841-801A-73FB23B380BF}.Debug|ARM.Build.0 = Debug|Any CPU
		{DA5A6C76-42AD-4841-801A-73FB23B380BF}.Debug|x64.ActiveCfg = Debug|Any CPU
		{DA5A6C76-42AD-4841-801A-73FB23B380BF}.Debug|x64.Build.0 = Debug|Any CPU
		{DA5A6C76-42AD-4841-801A-73FB23B380BF}.Debug|x86.ActiveCfg = Debug|Any CPU
		{DA5A6C76-42AD-4841-801A-73FB23B380BF}.Debug|x86.Build.0 = Debug|Any CPU
		{DA5A6C76-42AD-4841-801A-73FB23B380BF}.Release|Any CPU.ActiveCfg = Release|Any CPU
		{DA5A6C76-42AD-4841-801A-73FB23B380BF}.Release|Any CPU.Build.0 = Release|Any CPU
		{DA5A6C76-42AD-4841-801A-73FB23B380BF}.Release|ARM.ActiveCfg = Release|Any CPU
		{DA5A6C76-42AD-4841-801A-73FB23B380BF}.Release|ARM.Build.0 = Release|Any CPU
		{DA5A6C76-42AD-4841-801A-73FB23B380BF}.Release|x64.ActiveCfg = Release|Any CPU
		{DA5A6C76-42AD-4841-801A-73FB23B380BF}.Release|x64.Build.0 = Release|Any CPU
		{DA5A6C76-42AD-4841-801A-73FB23B380BF}.Release|x86.ActiveCfg = Release|Any CPU
		{DA5A6C76-42AD-4841-801A-73FB23B380BF}.Release|x86.Build.0 = Release|Any CPU
	EndGlobalSection
	GlobalSection(SolutionProperties) = preSolution
		HideSolutionNode = FALSE
	EndGlobalSection
	GlobalSection(ExtensibilityGlobals) = postSolution
		SolutionGuid = {424C3E96-6F35-4A0F-8626-D085289A3999}
	EndGlobalSection
EndGlobal
