
Microsoft Visual Studio Solution File, Format Version 12.00
# Visual Studio Version 16
VisualStudioVersion = 16.0.30011.22
MinimumVisualStudioVersion = 10.0.40219.1
Project("{9A19103F-16F7-4668-BE54-9A1E7A4F7556}") = "Analytics", "Analytics\Analytics.csproj", "{A386CF02-D902-4B22-90A8-E828093E3AA4}"
EndProject
Project("{9A19103F-16F7-4668-BE54-9A1E7A4F7556}") = "Test", "Test\Test.csproj", "{6AE99FF7-EECF-4639-B6B1-3E7CF1CC3048}"
EndProject
Project("{2150E333-8FDC-42A3-9474-1A3956D46DE8}") = "Solution Items", "Solution Items", "{C316F1BB-6C70-4DEB-BC04-5664C39313F3}"
	ProjectSection(SolutionItems) = preProject
		.editorconfig = .editorconfig
		.gitignore = .gitignore
	EndProjectSection
EndProject
Project("{FAE04EC0-301F-11D3-BF4B-00C04F79EFBC}") = "Test.Net35", "Test.Net35\Test.Net35.csproj", "{14046A5D-168B-4320-B031-C72BEE19F206}"
EndProject
Project("{9A19103F-16F7-4668-BE54-9A1E7A4F7556}") = "Test.NetStandard20", "Test.NetStandard20\Test.NetStandard20.csproj", "{9D2DF2FC-3977-418C-8E0B-B98A48F596B7}"
EndProject
Project("{FAE04EC0-301F-11D3-BF4B-00C04F79EFBC}") = "Test.Net45", "Test.Net45\Test.Net45.csproj", "{A7B43E75-BA62-4543-A467-27C6D9B28EB8}"
EndProject
Project("{FAE04EC0-301F-11D3-BF4B-00C04F79EFBC}") = "Test.UniversalApp", "Test.UniversalApp\Test.UniversalApp.csproj", "{E54D766D-3E91-47C5-901B-FFCCCACD60CC}"
EndProject
Project("{9A19103F-16F7-4668-BE54-9A1E7A4F7556}") = "Test.E2E", "Test.E2E\Test.E2E.csproj", "{E6D4DE50-ED07-4F7C-ABD8-F0600BD17D24}"
EndProject
Project("{2150E333-8FDC-42A3-9474-1A3956D46DE8}") = "DI", "DI", "{72D463DB-E9BA-4F11-B1D2-92192470D1D3}"
EndProject
Project("{9A19103F-16F7-4668-BE54-9A1E7A4F7556}") = "Analytics.Extensions.Microsoft.DependencyInjection", "DI\Analytics.Extensions.Microsoft.DependencyInjection\Analytics.Extensions.Microsoft.DependencyInjection.csproj", "{8F9143ED-2926-404F-8402-352D2282B3B8}"
EndProject
Project("{9A19103F-16F7-4668-BE54-9A1E7A4F7556}") = "Analytics.Extensions.Microsoft.DependencyInjection.Test", "DI\Analytics.Extensions.Microsoft.DependencyInjection.Test\Analytics.Extensions.Microsoft.DependencyInjection.Test.csproj", "{61FE13AB-15AE-4086-B343-81F3B1F892D7}"
EndProject
Project("{2150E333-8FDC-42A3-9474-1A3956D46DE8}") = "Samples", "Samples", "{FDC30449-B545-4F1B-B27D-BD363E731CD2}"
EndProject
Project("{9A19103F-16F7-4668-BE54-9A1E7A4F7556}") = "Sloth.Basic", "Samples\Sloth.Basic\Sloth.Basic.csproj", "{A3BA3986-824C-4C40-A2D9-523371D9951C}"
EndProject
Project("{9A19103F-16F7-4668-BE54-9A1E7A4F7556}") = "Sloth.Common", "Samples\Sloth.Common\Sloth.Common.csproj", "{CB42E721-2A0C-4F88-8A38-18389D7332E9}"
EndProject
Global
	GlobalSection(SolutionConfigurationPlatforms) = preSolution
		Debug|Any CPU = Debug|Any CPU
		Debug|ARM = Debug|ARM
		Debug|x64 = Debug|x64
		Debug|x86 = Debug|x86
		Release|Any CPU = Release|Any CPU
		Release|ARM = Release|ARM
		Release|x64 = Release|x64
		Release|x86 = Release|x86
	EndGlobalSection
	GlobalSection(ProjectConfigurationPlatforms) = postSolution
		{A386CF02-D902-4B22-90A8-E828093E3AA4}.Debug|Any CPU.ActiveCfg = Debug|Any CPU
		{A386CF02-D902-4B22-90A8-E828093E3AA4}.Debug|Any CPU.Build.0 = Debug|Any CPU
		{A386CF02-D902-4B22-90A8-E828093E3AA4}.Debug|ARM.ActiveCfg = Debug|Any CPU
		{A386CF02-D902-4B22-90A8-E828093E3AA4}.Debug|ARM.Build.0 = Debug|Any CPU
		{A386CF02-D902-4B22-90A8-E828093E3AA4}.Debug|x64.ActiveCfg = Debug|Any CPU
		{A386CF02-D902-4B22-90A8-E828093E3AA4}.Debug|x64.Build.0 = Debug|Any CPU
		{A386CF02-D902-4B22-90A8-E828093E3AA4}.Debug|x86.ActiveCfg = Debug|Any CPU
		{A386CF02-D902-4B22-90A8-E828093E3AA4}.Debug|x86.Build.0 = Debug|Any CPU
		{A386CF02-D902-4B22-90A8-E828093E3AA4}.Release|Any CPU.ActiveCfg = Release|Any CPU
		{A386CF02-D902-4B22-90A8-E828093E3AA4}.Release|Any CPU.Build.0 = Release|Any CPU
		{A386CF02-D902-4B22-90A8-E828093E3AA4}.Release|ARM.ActiveCfg = Release|Any CPU
		{A386CF02-D902-4B22-90A8-E828093E3AA4}.Release|ARM.Build.0 = Release|Any CPU
		{A386CF02-D902-4B22-90A8-E828093E3AA4}.Release|x64.ActiveCfg = Release|Any CPU
		{A386CF02-D902-4B22-90A8-E828093E3AA4}.Release|x64.Build.0 = Release|Any CPU
		{A386CF02-D902-4B22-90A8-E828093E3AA4}.Release|x86.ActiveCfg = Release|Any CPU
		{A386CF02-D902-4B22-90A8-E828093E3AA4}.Release|x86.Build.0 = Release|Any CPU
		{6AE99FF7-EECF-4639-B6B1-3E7CF1CC3048}.Debug|Any CPU.ActiveCfg = Debug|Any CPU
		{6AE99FF7-EECF-4639-B6B1-3E7CF1CC3048}.Debug|Any CPU.Build.0 = Debug|Any CPU
		{6AE99FF7-EECF-4639-B6B1-3E7CF1CC3048}.Debug|ARM.ActiveCfg = Debug|Any CPU
		{6AE99FF7-EECF-4639-B6B1-3E7CF1CC3048}.Debug|ARM.Build.0 = Debug|Any CPU
		{6AE99FF7-EECF-4639-B6B1-3E7CF1CC3048}.Debug|x64.ActiveCfg = Debug|Any CPU
		{6AE99FF7-EECF-4639-B6B1-3E7CF1CC3048}.Debug|x64.Build.0 = Debug|Any CPU
		{6AE99FF7-EECF-4639-B6B1-3E7CF1CC3048}.Debug|x86.ActiveCfg = Debug|Any CPU
		{6AE99FF7-EECF-4639-B6B1-3E7CF1CC3048}.Debug|x86.Build.0 = Debug|Any CPU
		{6AE99FF7-EECF-4639-B6B1-3E7CF1CC3048}.Release|Any CPU.ActiveCfg = Release|Any CPU
		{6AE99FF7-EECF-4639-B6B1-3E7CF1CC3048}.Release|Any CPU.Build.0 = Release|Any CPU
		{6AE99FF7-EECF-4639-B6B1-3E7CF1CC3048}.Release|ARM.ActiveCfg = Release|Any CPU
		{6AE99FF7-EECF-4639-B6B1-3E7CF1CC3048}.Release|ARM.Build.0 = Release|Any CPU
		{6AE99FF7-EECF-4639-B6B1-3E7CF1CC3048}.Release|x64.ActiveCfg = Release|Any CPU
		{6AE99FF7-EECF-4639-B6B1-3E7CF1CC3048}.Release|x64.Build.0 = Release|Any CPU
		{6AE99FF7-EECF-4639-B6B1-3E7CF1CC3048}.Release|x86.ActiveCfg = Release|Any CPU
		{6AE99FF7-EECF-4639-B6B1-3E7CF1CC3048}.Release|x86.Build.0 = Release|Any CPU
		{14046A5D-168B-4320-B031-C72BEE19F206}.Debug|Any CPU.ActiveCfg = Debug|Any CPU
		{14046A5D-168B-4320-B031-C72BEE19F206}.Debug|Any CPU.Build.0 = Debug|Any CPU
		{14046A5D-168B-4320-B031-C72BEE19F206}.Debug|ARM.ActiveCfg = Debug|Any CPU
		{14046A5D-168B-4320-B031-C72BEE19F206}.Debug|ARM.Build.0 = Debug|Any CPU
		{14046A5D-168B-4320-B031-C72BEE19F206}.Debug|x64.ActiveCfg = Debug|Any CPU
		{14046A5D-168B-4320-B031-C72BEE19F206}.Debug|x64.Build.0 = Debug|Any CPU
		{14046A5D-168B-4320-B031-C72BEE19F206}.Debug|x86.ActiveCfg = Debug|Any CPU
		{14046A5D-168B-4320-B031-C72BEE19F206}.Debug|x86.Build.0 = Debug|Any CPU
		{14046A5D-168B-4320-B031-C72BEE19F206}.Release|Any CPU.ActiveCfg = Release|Any CPU
		{14046A5D-168B-4320-B031-C72BEE19F206}.Release|Any CPU.Build.0 = Release|Any CPU
		{14046A5D-168B-4320-B031-C72BEE19F206}.Release|ARM.ActiveCfg = Release|Any CPU
		{14046A5D-168B-4320-B031-C72BEE19F206}.Release|ARM.Build.0 = Release|Any CPU
		{14046A5D-168B-4320-B031-C72BEE19F206}.Release|x64.ActiveCfg = Release|Any CPU
		{14046A5D-168B-4320-B031-C72BEE19F206}.Release|x64.Build.0 = Release|Any CPU
		{14046A5D-168B-4320-B031-C72BEE19F206}.Release|x86.ActiveCfg = Release|Any CPU
		{14046A5D-168B-4320-B031-C72BEE19F206}.Release|x86.Build.0 = Release|Any CPU
		{9D2DF2FC-3977-418C-8E0B-B98A48F596B7}.Debug|Any CPU.ActiveCfg = Debug|Any CPU
		{9D2DF2FC-3977-418C-8E0B-B98A48F596B7}.Debug|Any CPU.Build.0 = Debug|Any CPU
		{9D2DF2FC-3977-418C-8E0B-B98A48F596B7}.Debug|ARM.ActiveCfg = Debug|Any CPU
		{9D2DF2FC-3977-418C-8E0B-B98A48F596B7}.Debug|ARM.Build.0 = Debug|Any CPU
		{9D2DF2FC-3977-418C-8E0B-B98A48F596B7}.Debug|x64.ActiveCfg = Debug|Any CPU
		{9D2DF2FC-3977-418C-8E0B-B98A48F596B7}.Debug|x64.Build.0 = Debug|Any CPU
		{9D2DF2FC-3977-418C-8E0B-B98A48F596B7}.Debug|x86.ActiveCfg = Debug|Any CPU
		{9D2DF2FC-3977-418C-8E0B-B98A48F596B7}.Debug|x86.Build.0 = Debug|Any CPU
		{9D2DF2FC-3977-418C-8E0B-B98A48F596B7}.Release|Any CPU.ActiveCfg = Release|Any CPU
		{9D2DF2FC-3977-418C-8E0B-B98A48F596B7}.Release|Any CPU.Build.0 = Release|Any CPU
		{9D2DF2FC-3977-418C-8E0B-B98A48F596B7}.Release|ARM.ActiveCfg = Release|Any CPU
		{9D2DF2FC-3977-418C-8E0B-B98A48F596B7}.Release|ARM.Build.0 = Release|Any CPU
		{9D2DF2FC-3977-418C-8E0B-B98A48F596B7}.Release|x64.ActiveCfg = Release|Any CPU
		{9D2DF2FC-3977-418C-8E0B-B98A48F596B7}.Release|x64.Build.0 = Release|Any CPU
		{9D2DF2FC-3977-418C-8E0B-B98A48F596B7}.Release|x86.ActiveCfg = Release|Any CPU
		{9D2DF2FC-3977-418C-8E0B-B98A48F596B7}.Release|x86.Build.0 = Release|Any CPU
		{A7B43E75-BA62-4543-A467-27C6D9B28EB8}.Debug|Any CPU.ActiveCfg = Debug|Any CPU
		{A7B43E75-BA62-4543-A467-27C6D9B28EB8}.Debug|Any CPU.Build.0 = Debug|Any CPU
		{A7B43E75-BA62-4543-A467-27C6D9B28EB8}.Debug|ARM.ActiveCfg = Debug|Any CPU
		{A7B43E75-BA62-4543-A467-27C6D9B28EB8}.Debug|ARM.Build.0 = Debug|Any CPU
		{A7B43E75-BA62-4543-A467-27C6D9B28EB8}.Debug|x64.ActiveCfg = Debug|Any CPU
		{A7B43E75-BA62-4543-A467-27C6D9B28EB8}.Debug|x64.Build.0 = Debug|Any CPU
		{A7B43E75-BA62-4543-A467-27C6D9B28EB8}.Debug|x86.ActiveCfg = Debug|Any CPU
		{A7B43E75-BA62-4543-A467-27C6D9B28EB8}.Debug|x86.Build.0 = Debug|Any CPU
		{A7B43E75-BA62-4543-A467-27C6D9B28EB8}.Release|Any CPU.ActiveCfg = Release|Any CPU
		{A7B43E75-BA62-4543-A467-27C6D9B28EB8}.Release|Any CPU.Build.0 = Release|Any CPU
		{A7B43E75-BA62-4543-A467-27C6D9B28EB8}.Release|ARM.ActiveCfg = Release|Any CPU
		{A7B43E75-BA62-4543-A467-27C6D9B28EB8}.Release|ARM.Build.0 = Release|Any CPU
		{A7B43E75-BA62-4543-A467-27C6D9B28EB8}.Release|x64.ActiveCfg = Release|Any CPU
		{A7B43E75-BA62-4543-A467-27C6D9B28EB8}.Release|x64.Build.0 = Release|Any CPU
		{A7B43E75-BA62-4543-A467-27C6D9B28EB8}.Release|x86.ActiveCfg = Release|Any CPU
		{A7B43E75-BA62-4543-A467-27C6D9B28EB8}.Release|x86.Build.0 = Release|Any CPU
		{E54D766D-3E91-47C5-901B-FFCCCACD60CC}.Debug|Any CPU.ActiveCfg = Debug|x86
		{E54D766D-3E91-47C5-901B-FFCCCACD60CC}.Debug|ARM.ActiveCfg = Debug|ARM
		{E54D766D-3E91-47C5-901B-FFCCCACD60CC}.Debug|ARM.Build.0 = Debug|ARM
		{E54D766D-3E91-47C5-901B-FFCCCACD60CC}.Debug|ARM.Deploy.0 = Debug|ARM
		{E54D766D-3E91-47C5-901B-FFCCCACD60CC}.Debug|x64.ActiveCfg = Debug|x64
		{E54D766D-3E91-47C5-901B-FFCCCACD60CC}.Debug|x64.Build.0 = Debug|x64
		{E54D766D-3E91-47C5-901B-FFCCCACD60CC}.Debug|x64.Deploy.0 = Debug|x64
		{E54D766D-3E91-47C5-901B-FFCCCACD60CC}.Debug|x86.ActiveCfg = Debug|x86
		{E54D766D-3E91-47C5-901B-FFCCCACD60CC}.Debug|x86.Build.0 = Debug|x86
		{E54D766D-3E91-47C5-901B-FFCCCACD60CC}.Debug|x86.Deploy.0 = Debug|x86
		{E54D766D-3E91-47C5-901B-FFCCCACD60CC}.Release|Any CPU.ActiveCfg = Release|x86
		{E54D766D-3E91-47C5-901B-FFCCCACD60CC}.Release|ARM.ActiveCfg = Release|ARM
		{E54D766D-3E91-47C5-901B-FFCCCACD60CC}.Release|ARM.Build.0 = Release|ARM
		{E54D766D-3E91-47C5-901B-FFCCCACD60CC}.Release|ARM.Deploy.0 = Release|ARM
		{E54D766D-3E91-47C5-901B-FFCCCACD60CC}.Release|x64.ActiveCfg = Release|x64
		{E54D766D-3E91-47C5-901B-FFCCCACD60CC}.Release|x64.Build.0 = Release|x64
		{E54D766D-3E91-47C5-901B-FFCCCACD60CC}.Release|x64.Deploy.0 = Release|x64
		{E54D766D-3E91-47C5-901B-FFCCCACD60CC}.Release|x86.ActiveCfg = Release|x86
		{E54D766D-3E91-47C5-901B-FFCCCACD60CC}.Release|x86.Build.0 = Release|x86
		{E54D766D-3E91-47C5-901B-FFCCCACD60CC}.Release|x86.Deploy.0 = Release|x86
		{E6D4DE50-ED07-4F7C-ABD8-F0600BD17D24}.Debug|Any CPU.ActiveCfg = Debug|Any CPU
		{E6D4DE50-ED07-4F7C-ABD8-F0600BD17D24}.Debug|Any CPU.Build.0 = Debug|Any CPU
		{E6D4DE50-ED07-4F7C-ABD8-F0600BD17D24}.Debug|ARM.ActiveCfg = Debug|Any CPU
		{E6D4DE50-ED07-4F7C-ABD8-F0600BD17D24}.Debug|ARM.Build.0 = Debug|Any CPU
		{E6D4DE50-ED07-4F7C-ABD8-F0600BD17D24}.Debug|x64.ActiveCfg = Debug|Any CPU
		{E6D4DE50-ED07-4F7C-ABD8-F0600BD17D24}.Debug|x64.Build.0 = Debug|Any CPU
		{E6D4DE50-ED07-4F7C-ABD8-F0600BD17D24}.Debug|x86.ActiveCfg = Debug|Any CPU
		{E6D4DE50-ED07-4F7C-ABD8-F0600BD17D24}.Debug|x86.Build.0 = Debug|Any CPU
		{E6D4DE50-ED07-4F7C-ABD8-F0600BD17D24}.Release|Any CPU.ActiveCfg = Release|Any CPU
		{E6D4DE50-ED07-4F7C-ABD8-F0600BD17D24}.Release|Any CPU.Build.0 = Release|Any CPU
		{E6D4DE50-ED07-4F7C-ABD8-F0600BD17D24}.Release|ARM.ActiveCfg = Release|Any CPU
		{E6D4DE50-ED07-4F7C-ABD8-F0600BD17D24}.Release|ARM.Build.0 = Release|Any CPU
		{E6D4DE50-ED07-4F7C-ABD8-F0600BD17D24}.Release|x64.ActiveCfg = Release|Any CPU
		{E6D4DE50-ED07-4F7C-ABD8-F0600BD17D24}.Release|x64.Build.0 = Release|Any CPU
		{E6D4DE50-ED07-4F7C-ABD8-F0600BD17D24}.Release|x86.ActiveCfg = Release|Any CPU
		{E6D4DE50-ED07-4F7C-ABD8-F0600BD17D24}.Release|x86.Build.0 = Release|Any CPU
		{8F9143ED-2926-404F-8402-352D2282B3B8}.Debug|Any CPU.ActiveCfg = Debug|Any CPU
		{8F9143ED-2926-404F-8402-352D2282B3B8}.Debug|Any CPU.Build.0 = Debug|Any CPU
		{8F9143ED-2926-404F-8402-352D2282B3B8}.Debug|ARM.ActiveCfg = Debug|Any CPU
		{8F9143ED-2926-404F-8402-352D2282B3B8}.Debug|ARM.Build.0 = Debug|Any CPU
		{8F9143ED-2926-404F-8402-352D2282B3B8}.Debug|x64.ActiveCfg = Debug|Any CPU
		{8F9143ED-2926-404F-8402-352D2282B3B8}.Debug|x64.Build.0 = Debug|Any CPU
		{8F9143ED-2926-404F-8402-352D2282B3B8}.Debug|x86.ActiveCfg = Debug|Any CPU
		{8F9143ED-2926-404F-8402-352D2282B3B8}.Debug|x86.Build.0 = Debug|Any CPU
		{8F9143ED-2926-404F-8402-352D2282B3B8}.Release|Any CPU.ActiveCfg = Release|Any CPU
		{8F9143ED-2926-404F-8402-352D2282B3B8}.Release|Any CPU.Build.0 = Release|Any CPU
		{8F9143ED-2926-404F-8402-352D2282B3B8}.Release|ARM.ActiveCfg = Release|Any CPU
		{8F9143ED-2926-404F-8402-352D2282B3B8}.Release|ARM.Build.0 = Release|Any CPU
		{8F9143ED-2926-404F-8402-352D2282B3B8}.Release|x64.ActiveCfg = Release|Any CPU
		{8F9143ED-2926-404F-8402-352D2282B3B8}.Release|x64.Build.0 = Release|Any CPU
		{8F9143ED-2926-404F-8402-352D2282B3B8}.Release|x86.ActiveCfg = Release|Any CPU
		{8F9143ED-2926-404F-8402-352D2282B3B8}.Release|x86.Build.0 = Release|Any CPU
		{61FE13AB-15AE-4086-B343-81F3B1F892D7}.Debug|Any CPU.ActiveCfg = Debug|Any CPU
		{61FE13AB-15AE-4086-B343-81F3B1F892D7}.Debug|Any CPU.Build.0 = Debug|Any CPU
		{61FE13AB-15AE-4086-B343-81F3B1F892D7}.Debug|ARM.ActiveCfg = Debug|Any CPU
		{61FE13AB-15AE-4086-B343-81F3B1F892D7}.Debug|ARM.Build.0 = Debug|Any CPU
		{61FE13AB-15AE-4086-B343-81F3B1F892D7}.Debug|x64.ActiveCfg = Debug|Any CPU
		{61FE13AB-15AE-4086-B343-81F3B1F892D7}.Debug|x64.Build.0 = Debug|Any CPU
		{61FE13AB-15AE-4086-B343-81F3B1F892D7}.Debug|x86.ActiveCfg = Debug|Any CPU
		{61FE13AB-15AE-4086-B343-81F3B1F892D7}.Debug|x86.Build.0 = Debug|Any CPU
		{61FE13AB-15AE-4086-B343-81F3B1F892D7}.Release|Any CPU.ActiveCfg = Release|Any CPU
		{61FE13AB-15AE-4086-B343-81F3B1F892D7}.Release|Any CPU.Build.0 = Release|Any CPU
		{61FE13AB-15AE-4086-B343-81F3B1F892D7}.Release|ARM.ActiveCfg = Release|Any CPU
		{61FE13AB-15AE-4086-B343-81F3B1F892D7}.Release|ARM.Build.0 = Release|Any CPU
		{61FE13AB-15AE-4086-B343-81F3B1F892D7}.Release|x64.ActiveCfg = Release|Any CPU
		{61FE13AB-15AE-4086-B343-81F3B1F892D7}.Release|x64.Build.0 = Release|Any CPU
		{61FE13AB-15AE-4086-B343-81F3B1F892D7}.Release|x86.ActiveCfg = Release|Any CPU
		{61FE13AB-15AE-4086-B343-81F3B1F892D7}.Release|x86.Build.0 = Release|Any CPU
		{A3BA3986-824C-4C40-A2D9-523371D9951C}.Debug|Any CPU.ActiveCfg = Debug|Any CPU
		{A3BA3986-824C-4C40-A2D9-523371D9951C}.Debug|Any CPU.Build.0 = Debug|Any CPU
		{A3BA3986-824C-4C40-A2D9-523371D9951C}.Debug|ARM.ActiveCfg = Debug|Any CPU
		{A3BA3986-824C-4C40-A2D9-523371D9951C}.Debug|ARM.Build.0 = Debug|Any CPU
		{A3BA3986-824C-4C40-A2D9-523371D9951C}.Debug|x64.ActiveCfg = Debug|Any CPU
		{A3BA3986-824C-4C40-A2D9-523371D9951C}.Debug|x64.Build.0 = Debug|Any CPU
		{A3BA3986-824C-4C40-A2D9-523371D9951C}.Debug|x86.ActiveCfg = Debug|Any CPU
		{A3BA3986-824C-4C40-A2D9-523371D9951C}.Debug|x86.Build.0 = Debug|Any CPU
		{A3BA3986-824C-4C40-A2D9-523371D9951C}.Release|Any CPU.ActiveCfg = Release|Any CPU
		{A3BA3986-824C-4C40-A2D9-523371D9951C}.Release|Any CPU.Build.0 = Release|Any CPU
		{A3BA3986-824C-4C40-A2D9-523371D9951C}.Release|ARM.ActiveCfg = Release|Any CPU
		{A3BA3986-824C-4C40-A2D9-523371D9951C}.Release|ARM.Build.0 = Release|Any CPU
		{A3BA3986-824C-4C40-A2D9-523371D9951C}.Release|x64.ActiveCfg = Release|Any CPU
		{A3BA3986-824C-4C40-A2D9-523371D9951C}.Release|x64.Build.0 = Release|Any CPU
		{A3BA3986-824C-4C40-A2D9-523371D9951C}.Release|x86.ActiveCfg = Release|Any CPU
		{A3BA3986-824C-4C40-A2D9-523371D9951C}.Release|x86.Build.0 = Release|Any CPU
		{CB42E721-2A0C-4F88-8A38-18389D7332E9}.Debug|Any CPU.ActiveCfg = Debug|Any CPU
		{CB42E721-2A0C-4F88-8A38-18389D7332E9}.Debug|Any CPU.Build.0 = Debug|Any CPU
		{CB42E721-2A0C-4F88-8A38-18389D7332E9}.Debug|ARM.ActiveCfg = Debug|Any CPU
		{CB42E721-2A0C-4F88-8A38-18389D7332E9}.Debug|ARM.Build.0 = Debug|Any CPU
		{CB42E721-2A0C-4F88-8A38-18389D7332E9}.Debug|x64.ActiveCfg = Debug|Any CPU
		{CB42E721-2A0C-4F88-8A38-18389D7332E9}.Debug|x64.Build.0 = Debug|Any CPU
		{CB42E721-2A0C-4F88-8A38-18389D7332E9}.Debug|x86.ActiveCfg = Debug|Any CPU
		{CB42E721-2A0C-4F88-8A38-18389D7332E9}.Debug|x86.Build.0 = Debug|Any CPU
		{CB42E721-2A0C-4F88-8A38-18389D7332E9}.Release|Any CPU.ActiveCfg = Release|Any CPU
		{CB42E721-2A0C-4F88-8A38-18389D7332E9}.Release|Any CPU.Build.0 = Release|Any CPU
		{CB42E721-2A0C-4F88-8A38-18389D7332E9}.Release|ARM.ActiveCfg = Release|Any CPU
		{CB42E721-2A0C-4F88-8A38-18389D7332E9}.Release|ARM.Build.0 = Release|Any CPU
		{CB42E721-2A0C-4F88-8A38-18389D7332E9}.Release|x64.ActiveCfg = Release|Any CPU
		{CB42E721-2A0C-4F88-8A38-18389D7332E9}.Release|x64.Build.0 = Release|Any CPU
		{CB42E721-2A0C-4F88-8A38-18389D7332E9}.Release|x86.ActiveCfg = Release|Any CPU
		{CB42E721-2A0C-4F88-8A38-18389D7332E9}.Release|x86.Build.0 = Release|Any CPU
	EndGlobalSection
	GlobalSection(SolutionProperties) = preSolution
		HideSolutionNode = FALSE
	EndGlobalSection
	GlobalSection(NestedProjects) = preSolution
		{8F9143ED-2926-404F-8402-352D2282B3B8} = {72D463DB-E9BA-4F11-B1D2-92192470D1D3}
		{61FE13AB-15AE-4086-B343-81F3B1F892D7} = {72D463DB-E9BA-4F11-B1D2-92192470D1D3}
		{A3BA3986-824C-4C40-A2D9-523371D9951C} = {FDC30449-B545-4F1B-B27D-BD363E731CD2}
		{CB42E721-2A0C-4F88-8A38-18389D7332E9} = {FDC30449-B545-4F1B-B27D-BD363E731CD2}
	EndGlobalSection
	GlobalSection(ExtensibilityGlobals) = postSolution
		SolutionGuid = {424C3E96-6F35-4A0F-8626-D085289A3999}
	EndGlobalSection
EndGlobal
