
Microsoft Visual Studio Solution File, Format Version 12.00
# Visual Studio Version 16
VisualStudioVersion = 16.0.809.8
MinimumVisualStudioVersion = 10.0.40219.1
Project("{FAE04EC0-301F-11D3-BF4B-00C04F79EFBC}") = "Test.Net45", "Test.Net45.csproj", "{A7B43E75-BA62-4543-A467-27C6D9B28EB8}"
EndProject
Global
	GlobalSection(SolutionConfigurationPlatforms) = preSolution
		Debug|Any CPU = Debug|Any CPU
		Release|Any CPU = Release|Any CPU
	EndGlobalSection
	GlobalSection(ProjectConfigurationPlatforms) = postSolution
		{A7B43E75-BA62-4543-A467-27C6D9B28EB8}.Debug|Any CPU.ActiveCfg = Debug|Any CPU
		{A7B43E75-BA62-4543-A467-27C6D9B28EB8}.Debug|Any CPU.Build.0 = Debug|Any CPU
		{A7B43E75-BA62-4543-A467-27C6D9B28EB8}.Release|Any CPU.ActiveCfg = Release|Any CPU
		{A7B43E75-BA62-4543-A467-27C6D9B28EB8}.Release|Any CPU.Build.0 = Release|Any CPU
	EndGlobalSection
	GlobalSection(SolutionProperties) = preSolution
		HideSolutionNode = FALSE
	EndGlobalSection
	GlobalSection(ExtensibilityGlobals) = postSolution
		SolutionGuid = {661799B1-578C-4F5F-9D2C-80DB0010E7AA}
	EndGlobalSection
EndGlobal
